// !$*UTF8*$!
{
	archiveVersion = 1;
	classes = {
	};
	objectVersion = 54;
	objects = {

/* Begin PBXBuildFile section */
		00E356F31AD99517003FC87E /* MyRideTests.m in Sources */ = {isa = PBXBuildFile; fileRef = 00E356F21AD99517003FC87E /* MyRideTests.m */; };
		13B07FBC1A68108700A75B9A /* AppDelegate.mm in Sources */ = {isa = PBXBuildFile; fileRef = 13B07FB01A68108700A75B9A /* AppDelegate.mm */; };
		13B07FBF1A68108700A75B9A /* Images.xcassets in Resources */ = {isa = PBXBuildFile; fileRef = 13B07FB51A68108700A75B9A /* Images.xcassets */; };
		13B07FC11A68108700A75B9A /* main.m in Sources */ = {isa = PBXBuildFile; fileRef = 13B07FB71A68108700A75B9A /* main.m */; };
		57148F512A5BEC02005CC921 /* Inter-Black.ttf in Resources */ = {isa = PBXBuildFile; fileRef = 57148F3E2A5BDA68005CC921 /* Inter-Black.ttf */; };
		57148F522A5BEC02005CC921 /* Inter-Bold.ttf in Resources */ = {isa = PBXBuildFile; fileRef = 57148F3D2A5BDA68005CC921 /* Inter-Bold.ttf */; };
		57148F532A5BEC02005CC921 /* Inter-ExtraBold.ttf in Resources */ = {isa = PBXBuildFile; fileRef = 57148F372A5BDA67005CC921 /* Inter-ExtraBold.ttf */; };
		57148F542A5BEC02005CC921 /* Inter-ExtraLight.ttf in Resources */ = {isa = PBXBuildFile; fileRef = 57148F382A5BDA67005CC921 /* Inter-ExtraLight.ttf */; };
		57148F552A5BEC02005CC921 /* Inter-Light.ttf in Resources */ = {isa = PBXBuildFile; fileRef = 57148F3B2A5BDA67005CC921 /* Inter-Light.ttf */; };
		57148F562A5BEC02005CC921 /* Inter-Medium.ttf in Resources */ = {isa = PBXBuildFile; fileRef = 57148F3A2A5BDA67005CC921 /* Inter-Medium.ttf */; };
		57148F572A5BEC02005CC921 /* Inter-Regular.ttf in Resources */ = {isa = PBXBuildFile; fileRef = 57148F392A5BDA67005CC921 /* Inter-Regular.ttf */; };
		57148F582A5BEC02005CC921 /* Inter-SemiBold.ttf in Resources */ = {isa = PBXBuildFile; fileRef = 57148F332A5BDA67005CC921 /* Inter-SemiBold.ttf */; };
		57148F592A5BEC02005CC921 /* Inter-Thin.ttf in Resources */ = {isa = PBXBuildFile; fileRef = 57148F352A5BDA67005CC921 /* Inter-Thin.ttf */; };
		57148F5A2A5BEC02005CC921 /* KumbhSans-Black.ttf in Resources */ = {isa = PBXBuildFile; fileRef = 57148F3C2A5BDA68005CC921 /* KumbhSans-Black.ttf */; };
		57148F5B2A5BEC02005CC921 /* KumbhSans-Bold.ttf in Resources */ = {isa = PBXBuildFile; fileRef = 57148F312A5BDA67005CC921 /* KumbhSans-Bold.ttf */; };
		57148F5C2A5BEC02005CC921 /* KumbhSans-ExtraBold.ttf in Resources */ = {isa = PBXBuildFile; fileRef = 57148F2F2A5BDA67005CC921 /* KumbhSans-ExtraBold.ttf */; };
		57148F5D2A5BEC02005CC921 /* KumbhSans-ExtraLight.ttf in Resources */ = {isa = PBXBuildFile; fileRef = 57148F302A5BDA67005CC921 /* KumbhSans-ExtraLight.ttf */; };
		57148F5E2A5BEC02005CC921 /* KumbhSans-Light.ttf in Resources */ = {isa = PBXBuildFile; fileRef = 57148F322A5BDA67005CC921 /* KumbhSans-Light.ttf */; };
		57148F5F2A5BEC02005CC921 /* KumbhSans-Medium.ttf in Resources */ = {isa = PBXBuildFile; fileRef = 57148F2E2A5BDA67005CC921 /* KumbhSans-Medium.ttf */; };
		57148F602A5BEC02005CC921 /* KumbhSans-Regular.ttf in Resources */ = {isa = PBXBuildFile; fileRef = 57148F362A5BDA67005CC921 /* KumbhSans-Regular.ttf */; };
		57148F612A5BEC02005CC921 /* KumbhSans-SemiBold.ttf in Resources */ = {isa = PBXBuildFile; fileRef = 57148F2D2A5BDA67005CC921 /* KumbhSans-SemiBold.ttf */; };
		57148F622A5BEC02005CC921 /* KumbhSans-Thin.ttf in Resources */ = {isa = PBXBuildFile; fileRef = 57148F342A5BDA67005CC921 /* KumbhSans-Thin.ttf */; };
		57E0FE652A5D8B2200950CF4 /* Media.xcassets in Resources */ = {isa = PBXBuildFile; fileRef = 57E0FE642A5D8B2200950CF4 /* Media.xcassets */; };
		81AB9BB82411601600AC10FF /* LaunchScreen.storyboard in Resources */ = {isa = PBXBuildFile; fileRef = 81AB9BB72411601600AC10FF /* LaunchScreen.storyboard */; };
		BA73D478FD801F482B39156D /* libPods-MyRide.a in Frameworks */ = {isa = PBXBuildFile; fileRef = 5BE61FF02F730527388B63C0 /* libPods-MyRide.a */; };
		C8A5BB713FBCD70C485B25ED /* libPods-MyRide-MyRideTests.a in Frameworks */ = {isa = PBXBuildFile; fileRef = 6F99BC42BB2886E7D1A5FB6B /* libPods-MyRide-MyRideTests.a */; };
/* End PBXBuildFile section */

/* Begin PBXContainerItemProxy section */
		00E356F41AD99517003FC87E /* PBXContainerItemProxy */ = {
			isa = PBXContainerItemProxy;
			containerPortal = 83CBB9F71A601CBA00E9B192 /* Project object */;
			proxyType = 1;
			remoteGlobalIDString = 13B07F861A680F5B00A75B9A;
			remoteInfo = MyRide;
		};
/* End PBXContainerItemProxy section */

/* Begin PBXFileReference section */
		00E356EE1AD99517003FC87E /* MyRideTests.xctest */ = {isa = PBXFileReference; explicitFileType = wrapper.cfbundle; includeInIndex = 0; path = MyRideTests.xctest; sourceTree = BUILT_PRODUCTS_DIR; };
		00E356F11AD99517003FC87E /* Info.plist */ = {isa = PBXFileReference; lastKnownFileType = text.plist.xml; path = Info.plist; sourceTree = "<group>"; };
		00E356F21AD99517003FC87E /* MyRideTests.m */ = {isa = PBXFileReference; lastKnownFileType = sourcecode.c.objc; path = MyRideTests.m; sourceTree = "<group>"; };
		10C83067D6784C53A2A96887 /* KumbhSans-Medium.ttf */ = {isa = PBXFileReference; explicitFileType = undefined; fileEncoding = 9; includeInIndex = 0; lastKnownFileType = unknown; name = "KumbhSans-Medium.ttf"; path = "../assets/fonts/kumbh_sans/KumbhSans-Medium.ttf"; sourceTree = "<group>"; };
		111CFFEC6E39C04ECF756F1A /* Pods-MyRide.debug.xcconfig */ = {isa = PBXFileReference; includeInIndex = 1; lastKnownFileType = text.xcconfig; name = "Pods-MyRide.debug.xcconfig"; path = "Target Support Files/Pods-MyRide/Pods-MyRide.debug.xcconfig"; sourceTree = "<group>"; };
		12780DBBB5334AF3A2001BA1 /* Inter-Bold.ttf */ = {isa = PBXFileReference; explicitFileType = undefined; fileEncoding = 9; includeInIndex = 0; lastKnownFileType = unknown; name = "Inter-Bold.ttf"; path = "../assets/fonts/Inter/static/Inter-Bold.ttf"; sourceTree = "<group>"; };
		1332F5616A13413486D2AD8D /* Inter-SemiBold.ttf */ = {isa = PBXFileReference; explicitFileType = undefined; fileEncoding = 9; includeInIndex = 0; lastKnownFileType = unknown; name = "Inter-SemiBold.ttf"; path = "../assets/fonts/Inter/static/Inter-SemiBold.ttf"; sourceTree = "<group>"; };
		13B07F961A680F5B00A75B9A /* MyRide.app */ = {isa = PBXFileReference; explicitFileType = wrapper.application; includeInIndex = 0; path = MyRide.app; sourceTree = BUILT_PRODUCTS_DIR; };
		13B07FAF1A68108700A75B9A /* AppDelegate.h */ = {isa = PBXFileReference; fileEncoding = 4; lastKnownFileType = sourcecode.c.h; name = AppDelegate.h; path = MyRide/AppDelegate.h; sourceTree = "<group>"; };
		13B07FB01A68108700A75B9A /* AppDelegate.mm */ = {isa = PBXFileReference; fileEncoding = 4; lastKnownFileType = sourcecode.cpp.objcpp; name = AppDelegate.mm; path = MyRide/AppDelegate.mm; sourceTree = "<group>"; };
		13B07FB51A68108700A75B9A /* Images.xcassets */ = {isa = PBXFileReference; lastKnownFileType = folder.assetcatalog; name = Images.xcassets; path = MyRide/Images.xcassets; sourceTree = "<group>"; };
		13B07FB61A68108700A75B9A /* Info.plist */ = {isa = PBXFileReference; fileEncoding = 4; lastKnownFileType = text.plist.xml; name = Info.plist; path = MyRide/Info.plist; sourceTree = "<group>"; };
		13B07FB71A68108700A75B9A /* main.m */ = {isa = PBXFileReference; fileEncoding = 4; lastKnownFileType = sourcecode.c.objc; name = main.m; path = MyRide/main.m; sourceTree = "<group>"; };
		1C70C6546AFD4D0C8A70AEDD /* KumbhSans-SemiBold.ttf */ = {isa = PBXFileReference; explicitFileType = undefined; fileEncoding = 9; includeInIndex = 0; lastKnownFileType = unknown; name = "KumbhSans-SemiBold.ttf"; path = "../assets/fonts/kumbh_sans/KumbhSans-SemiBold.ttf"; sourceTree = "<group>"; };
		204AF626C8094290BE4112F4 /* Inter-Light.ttf */ = {isa = PBXFileReference; explicitFileType = undefined; fileEncoding = 9; includeInIndex = 0; lastKnownFileType = unknown; name = "Inter-Light.ttf"; path = "../assets/fonts/Inter/static/Inter-Light.ttf"; sourceTree = "<group>"; };
		2579009A0E6E4BCCAA925763 /* OFL.txt */ = {isa = PBXFileReference; explicitFileType = undefined; fileEncoding = 9; includeInIndex = 0; lastKnownFileType = unknown; name = OFL.txt; path = ../assets/fonts/Inter/OFL.txt; sourceTree = "<group>"; };
		289BB654363C4A03B7CA0C0B /* KumbhSans-Bold.ttf */ = {isa = PBXFileReference; explicitFileType = undefined; fileEncoding = 9; includeInIndex = 0; lastKnownFileType = unknown; name = "KumbhSans-Bold.ttf"; path = "../assets/fonts/kumbh_sans/KumbhSans-Bold.ttf"; sourceTree = "<group>"; };
		30D50CC1485B448EA0E879D2 /* KumbhSans-ExtraLight.ttf */ = {isa = PBXFileReference; explicitFileType = undefined; fileEncoding = 9; includeInIndex = 0; lastKnownFileType = unknown; name = "KumbhSans-ExtraLight.ttf"; path = "../assets/fonts/kumbh_sans/KumbhSans-ExtraLight.ttf"; sourceTree = "<group>"; };
		32005EA828E24756A569AE0B /* Inter-ExtraLight.ttf */ = {isa = PBXFileReference; explicitFileType = undefined; fileEncoding = 9; includeInIndex = 0; lastKnownFileType = unknown; name = "Inter-ExtraLight.ttf"; path = "../assets/fonts/Inter/static/Inter-ExtraLight.ttf"; sourceTree = "<group>"; };
		4C14C47DFA004DB48B5E84F3 /* Inter-VariableFont_slnt,wght.ttf */ = {isa = PBXFileReference; explicitFileType = undefined; fileEncoding = 9; includeInIndex = 0; lastKnownFileType = unknown; name = "Inter-VariableFont_slnt,wght.ttf"; path = "../assets/fonts/Inter/Inter-VariableFont_slnt,wght.ttf"; sourceTree = "<group>"; };
		4FB694AA2D07C212AD1C7E26 /* Pods-MyRide.release.xcconfig */ = {isa = PBXFileReference; includeInIndex = 1; lastKnownFileType = text.xcconfig; name = "Pods-MyRide.release.xcconfig"; path = "Target Support Files/Pods-MyRide/Pods-MyRide.release.xcconfig"; sourceTree = "<group>"; };
		57148F2D2A5BDA67005CC921 /* KumbhSans-SemiBold.ttf */ = {isa = PBXFileReference; lastKnownFileType = file; name = "KumbhSans-SemiBold.ttf"; path = "../../../../fonts/myRide/KumbhSans-SemiBold.ttf"; sourceTree = "<group>"; };
		57148F2E2A5BDA67005CC921 /* KumbhSans-Medium.ttf */ = {isa = PBXFileReference; lastKnownFileType = file; name = "KumbhSans-Medium.ttf"; path = "../../../../fonts/myRide/KumbhSans-Medium.ttf"; sourceTree = "<group>"; };
		57148F2F2A5BDA67005CC921 /* KumbhSans-ExtraBold.ttf */ = {isa = PBXFileReference; lastKnownFileType = file; name = "KumbhSans-ExtraBold.ttf"; path = "../../../../fonts/myRide/KumbhSans-ExtraBold.ttf"; sourceTree = "<group>"; };
		57148F302A5BDA67005CC921 /* KumbhSans-ExtraLight.ttf */ = {isa = PBXFileReference; lastKnownFileType = file; name = "KumbhSans-ExtraLight.ttf"; path = "../../../../fonts/myRide/KumbhSans-ExtraLight.ttf"; sourceTree = "<group>"; };
		57148F312A5BDA67005CC921 /* KumbhSans-Bold.ttf */ = {isa = PBXFileReference; lastKnownFileType = file; name = "KumbhSans-Bold.ttf"; path = "../../../../fonts/myRide/KumbhSans-Bold.ttf"; sourceTree = "<group>"; };
		57148F322A5BDA67005CC921 /* KumbhSans-Light.ttf */ = {isa = PBXFileReference; lastKnownFileType = file; name = "KumbhSans-Light.ttf"; path = "../../../../fonts/myRide/KumbhSans-Light.ttf"; sourceTree = "<group>"; };
		57148F332A5BDA67005CC921 /* Inter-SemiBold.ttf */ = {isa = PBXFileReference; lastKnownFileType = file; name = "Inter-SemiBold.ttf"; path = "../../../../fonts/myRide/Inter-SemiBold.ttf"; sourceTree = "<group>"; };
		57148F342A5BDA67005CC921 /* KumbhSans-Thin.ttf */ = {isa = PBXFileReference; lastKnownFileType = file; name = "KumbhSans-Thin.ttf"; path = "../../../../fonts/myRide/KumbhSans-Thin.ttf"; sourceTree = "<group>"; };
		57148F352A5BDA67005CC921 /* Inter-Thin.ttf */ = {isa = PBXFileReference; lastKnownFileType = file; name = "Inter-Thin.ttf"; path = "../../../../fonts/myRide/Inter-Thin.ttf"; sourceTree = "<group>"; };
		57148F362A5BDA67005CC921 /* KumbhSans-Regular.ttf */ = {isa = PBXFileReference; lastKnownFileType = file; name = "KumbhSans-Regular.ttf"; path = "../../../../fonts/myRide/KumbhSans-Regular.ttf"; sourceTree = "<group>"; };
		57148F372A5BDA67005CC921 /* Inter-ExtraBold.ttf */ = {isa = PBXFileReference; lastKnownFileType = file; name = "Inter-ExtraBold.ttf"; path = "../../../../fonts/myRide/Inter-ExtraBold.ttf"; sourceTree = "<group>"; };
		57148F382A5BDA67005CC921 /* Inter-ExtraLight.ttf */ = {isa = PBXFileReference; lastKnownFileType = file; name = "Inter-ExtraLight.ttf"; path = "../../../../fonts/myRide/Inter-ExtraLight.ttf"; sourceTree = "<group>"; };
		57148F392A5BDA67005CC921 /* Inter-Regular.ttf */ = {isa = PBXFileReference; lastKnownFileType = file; name = "Inter-Regular.ttf"; path = "../../../../fonts/myRide/Inter-Regular.ttf"; sourceTree = "<group>"; };
		57148F3A2A5BDA67005CC921 /* Inter-Medium.ttf */ = {isa = PBXFileReference; lastKnownFileType = file; name = "Inter-Medium.ttf"; path = "../../../../fonts/myRide/Inter-Medium.ttf"; sourceTree = "<group>"; };
		57148F3B2A5BDA67005CC921 /* Inter-Light.ttf */ = {isa = PBXFileReference; lastKnownFileType = file; name = "Inter-Light.ttf"; path = "../../../../fonts/myRide/Inter-Light.ttf"; sourceTree = "<group>"; };
		57148F3C2A5BDA68005CC921 /* KumbhSans-Black.ttf */ = {isa = PBXFileReference; lastKnownFileType = file; name = "KumbhSans-Black.ttf"; path = "../../../../fonts/myRide/KumbhSans-Black.ttf"; sourceTree = "<group>"; };
		57148F3D2A5BDA68005CC921 /* Inter-Bold.ttf */ = {isa = PBXFileReference; lastKnownFileType = file; name = "Inter-Bold.ttf"; path = "../../../../fonts/myRide/Inter-Bold.ttf"; sourceTree = "<group>"; };
		57148F3E2A5BDA68005CC921 /* Inter-Black.ttf */ = {isa = PBXFileReference; lastKnownFileType = file; name = "Inter-Black.ttf"; path = "../../../../fonts/myRide/Inter-Black.ttf"; sourceTree = "<group>"; };
		57E0FE642A5D8B2200950CF4 /* Media.xcassets */ = {isa = PBXFileReference; lastKnownFileType = folder.assetcatalog; path = Media.xcassets; sourceTree = "<group>"; };
		5BE61FF02F730527388B63C0 /* libPods-MyRide.a */ = {isa = PBXFileReference; explicitFileType = archive.ar; includeInIndex = 0; path = "libPods-MyRide.a"; sourceTree = BUILT_PRODUCTS_DIR; };
		6F99BC42BB2886E7D1A5FB6B /* libPods-MyRide-MyRideTests.a */ = {isa = PBXFileReference; explicitFileType = archive.ar; includeInIndex = 0; path = "libPods-MyRide-MyRideTests.a"; sourceTree = BUILT_PRODUCTS_DIR; };
		75BDDA5F93F341FD8B68FC0E /* KumbhSans-Thin.ttf */ = {isa = PBXFileReference; explicitFileType = undefined; fileEncoding = 9; includeInIndex = 0; lastKnownFileType = unknown; name = "KumbhSans-Thin.ttf"; path = "../assets/fonts/kumbh_sans/KumbhSans-Thin.ttf"; sourceTree = "<group>"; };
		81AB9BB72411601600AC10FF /* LaunchScreen.storyboard */ = {isa = PBXFileReference; fileEncoding = 4; lastKnownFileType = file.storyboard; name = LaunchScreen.storyboard; path = MyRide/LaunchScreen.storyboard; sourceTree = "<group>"; };
		8F1345F7D69F4C9B84FCA2EA /* Inter-Regular.ttf */ = {isa = PBXFileReference; explicitFileType = undefined; fileEncoding = 9; includeInIndex = 0; lastKnownFileType = unknown; name = "Inter-Regular.ttf"; path = "../assets/fonts/Inter/static/Inter-Regular.ttf"; sourceTree = "<group>"; };
		949881AB5AD36013F7863E85 /* Pods-MyRide-MyRideTests.debug.xcconfig */ = {isa = PBXFileReference; includeInIndex = 1; lastKnownFileType = text.xcconfig; name = "Pods-MyRide-MyRideTests.debug.xcconfig"; path = "Target Support Files/Pods-MyRide-MyRideTests/Pods-MyRide-MyRideTests.debug.xcconfig"; sourceTree = "<group>"; };
		9D0FEA959AE84C09B1B133C7 /* KumbhSans-Black.ttf */ = {isa = PBXFileReference; explicitFileType = undefined; fileEncoding = 9; includeInIndex = 0; lastKnownFileType = unknown; name = "KumbhSans-Black.ttf"; path = "../assets/fonts/kumbh_sans/KumbhSans-Black.ttf"; sourceTree = "<group>"; };
		B3DD2CD298414C9BACA55B4A /* KumbhSans-Regular.ttf */ = {isa = PBXFileReference; explicitFileType = undefined; fileEncoding = 9; includeInIndex = 0; lastKnownFileType = unknown; name = "KumbhSans-Regular.ttf"; path = "../assets/fonts/kumbh_sans/KumbhSans-Regular.ttf"; sourceTree = "<group>"; };
		BCC78A92BC484F6DAF6B60F9 /* README.txt */ = {isa = PBXFileReference; explicitFileType = undefined; fileEncoding = 9; includeInIndex = 0; lastKnownFileType = unknown; name = README.txt; path = ../assets/fonts/Inter/README.txt; sourceTree = "<group>"; };
		CB2904EDC3C5427EA90F2847 /* Inter-Medium.ttf */ = {isa = PBXFileReference; explicitFileType = undefined; fileEncoding = 9; includeInIndex = 0; lastKnownFileType = unknown; name = "Inter-Medium.ttf"; path = "../assets/fonts/Inter/static/Inter-Medium.ttf"; sourceTree = "<group>"; };
		CE7E93E9B18141B2ADA45471 /* Inter-ExtraBold.ttf */ = {isa = PBXFileReference; explicitFileType = undefined; fileEncoding = 9; includeInIndex = 0; lastKnownFileType = unknown; name = "Inter-ExtraBold.ttf"; path = "../assets/fonts/Inter/static/Inter-ExtraBold.ttf"; sourceTree = "<group>"; };
		D98DEA15FE714C95A0AF398F /* Inter-Thin.ttf */ = {isa = PBXFileReference; explicitFileType = undefined; fileEncoding = 9; includeInIndex = 0; lastKnownFileType = unknown; name = "Inter-Thin.ttf"; path = "../assets/fonts/Inter/static/Inter-Thin.ttf"; sourceTree = "<group>"; };
		DBBB3D2DEE464EE2B2C8A630 /* Inter-Black.ttf */ = {isa = PBXFileReference; explicitFileType = undefined; fileEncoding = 9; includeInIndex = 0; lastKnownFileType = unknown; name = "Inter-Black.ttf"; path = "../assets/fonts/Inter/static/Inter-Black.ttf"; sourceTree = "<group>"; };
		EC21DFA6325340128E7FC9DD /* KumbhSans-Light.ttf */ = {isa = PBXFileReference; explicitFileType = undefined; fileEncoding = 9; includeInIndex = 0; lastKnownFileType = unknown; name = "KumbhSans-Light.ttf"; path = "../assets/fonts/kumbh_sans/KumbhSans-Light.ttf"; sourceTree = "<group>"; };
		ED297162215061F000B7C4FE /* JavaScriptCore.framework */ = {isa = PBXFileReference; lastKnownFileType = wrapper.framework; name = JavaScriptCore.framework; path = System/Library/Frameworks/JavaScriptCore.framework; sourceTree = SDKROOT; };
		ED7417EF113B4B83B19380C8 /* KumbhSans-ExtraBold.ttf */ = {isa = PBXFileReference; explicitFileType = undefined; fileEncoding = 9; includeInIndex = 0; lastKnownFileType = unknown; name = "KumbhSans-ExtraBold.ttf"; path = "../assets/fonts/kumbh_sans/KumbhSans-ExtraBold.ttf"; sourceTree = "<group>"; };
		F343A3C08D98E61AC5A96A8B /* Pods-MyRide-MyRideTests.release.xcconfig */ = {isa = PBXFileReference; includeInIndex = 1; lastKnownFileType = text.xcconfig; name = "Pods-MyRide-MyRideTests.release.xcconfig"; path = "Target Support Files/Pods-MyRide-MyRideTests/Pods-MyRide-MyRideTests.release.xcconfig"; sourceTree = "<group>"; };
/* End PBXFileReference section */

/* Begin PBXFrameworksBuildPhase section */
		00E356EB1AD99517003FC87E /* Frameworks */ = {
			isa = PBXFrameworksBuildPhase;
			buildActionMask = 2147483647;
			files = (
				C8A5BB713FBCD70C485B25ED /* libPods-MyRide-MyRideTests.a in Frameworks */,
			);
			runOnlyForDeploymentPostprocessing = 0;
		};
		13B07F8C1A680F5B00A75B9A /* Frameworks */ = {
			isa = PBXFrameworksBuildPhase;
			buildActionMask = 2147483647;
			files = (
				BA73D478FD801F482B39156D /* libPods-MyRide.a in Frameworks */,
			);
			runOnlyForDeploymentPostprocessing = 0;
		};
/* End PBXFrameworksBuildPhase section */

/* Begin PBXGroup section */
		00E356EF1AD99517003FC87E /* MyRideTests */ = {
			isa = PBXGroup;
			children = (
				00E356F21AD99517003FC87E /* MyRideTests.m */,
				00E356F01AD99517003FC87E /* Supporting Files */,
			);
			path = MyRideTests;
			sourceTree = "<group>";
		};
		00E356F01AD99517003FC87E /* Supporting Files */ = {
			isa = PBXGroup;
			children = (
				00E356F11AD99517003FC87E /* Info.plist */,
			);
			name = "Supporting Files";
			sourceTree = "<group>";
		};
		0F50523BE2A147468EE29EC8 /* Resources */ = {
			isa = PBXGroup;
			children = (
				9D0FEA959AE84C09B1B133C7 /* KumbhSans-Black.ttf */,
				289BB654363C4A03B7CA0C0B /* KumbhSans-Bold.ttf */,
				ED7417EF113B4B83B19380C8 /* KumbhSans-ExtraBold.ttf */,
				30D50CC1485B448EA0E879D2 /* KumbhSans-ExtraLight.ttf */,
				EC21DFA6325340128E7FC9DD /* KumbhSans-Light.ttf */,
				10C83067D6784C53A2A96887 /* KumbhSans-Medium.ttf */,
				B3DD2CD298414C9BACA55B4A /* KumbhSans-Regular.ttf */,
				1C70C6546AFD4D0C8A70AEDD /* KumbhSans-SemiBold.ttf */,
				75BDDA5F93F341FD8B68FC0E /* KumbhSans-Thin.ttf */,
				4C14C47DFA004DB48B5E84F3 /* Inter-VariableFont_slnt,wght.ttf */,
				DBBB3D2DEE464EE2B2C8A630 /* Inter-Black.ttf */,
				12780DBBB5334AF3A2001BA1 /* Inter-Bold.ttf */,
				CE7E93E9B18141B2ADA45471 /* Inter-ExtraBold.ttf */,
				32005EA828E24756A569AE0B /* Inter-ExtraLight.ttf */,
				204AF626C8094290BE4112F4 /* Inter-Light.ttf */,
				CB2904EDC3C5427EA90F2847 /* Inter-Medium.ttf */,
				8F1345F7D69F4C9B84FCA2EA /* Inter-Regular.ttf */,
				1332F5616A13413486D2AD8D /* Inter-SemiBold.ttf */,
				D98DEA15FE714C95A0AF398F /* Inter-Thin.ttf */,
				2579009A0E6E4BCCAA925763 /* OFL.txt */,
				BCC78A92BC484F6DAF6B60F9 /* README.txt */,
			);
			name = Resources;
			sourceTree = "<group>";
		};
		13B07FAE1A68108700A75B9A /* MyRide */ = {
			isa = PBXGroup;
			children = (
				57148F3E2A5BDA68005CC921 /* Inter-Black.ttf */,
				57148F3D2A5BDA68005CC921 /* Inter-Bold.ttf */,
				57148F372A5BDA67005CC921 /* Inter-ExtraBold.ttf */,
				57148F382A5BDA67005CC921 /* Inter-ExtraLight.ttf */,
				57148F3B2A5BDA67005CC921 /* Inter-Light.ttf */,
				57148F3A2A5BDA67005CC921 /* Inter-Medium.ttf */,
				57148F392A5BDA67005CC921 /* Inter-Regular.ttf */,
				57148F332A5BDA67005CC921 /* Inter-SemiBold.ttf */,
				57148F352A5BDA67005CC921 /* Inter-Thin.ttf */,
				57148F3C2A5BDA68005CC921 /* KumbhSans-Black.ttf */,
				57148F312A5BDA67005CC921 /* KumbhSans-Bold.ttf */,
				57148F2F2A5BDA67005CC921 /* KumbhSans-ExtraBold.ttf */,
				57148F302A5BDA67005CC921 /* KumbhSans-ExtraLight.ttf */,
				57148F322A5BDA67005CC921 /* KumbhSans-Light.ttf */,
				57148F2E2A5BDA67005CC921 /* KumbhSans-Medium.ttf */,
				57148F362A5BDA67005CC921 /* KumbhSans-Regular.ttf */,
				57148F2D2A5BDA67005CC921 /* KumbhSans-SemiBold.ttf */,
				57148F342A5BDA67005CC921 /* KumbhSans-Thin.ttf */,
				13B07FAF1A68108700A75B9A /* AppDelegate.h */,
				13B07FB01A68108700A75B9A /* AppDelegate.mm */,
				13B07FB51A68108700A75B9A /* Images.xcassets */,
				13B07FB61A68108700A75B9A /* Info.plist */,
				81AB9BB72411601600AC10FF /* LaunchScreen.storyboard */,
				57E0FE642A5D8B2200950CF4 /* Media.xcassets */,
				13B07FB71A68108700A75B9A /* main.m */,
			);
			name = MyRide;
			sourceTree = "<group>";
		};
		2D16E6871FA4F8E400B85C8A /* Frameworks */ = {
			isa = PBXGroup;
			children = (
				ED297162215061F000B7C4FE /* JavaScriptCore.framework */,
				5BE61FF02F730527388B63C0 /* libPods-MyRide.a */,
				6F99BC42BB2886E7D1A5FB6B /* libPods-MyRide-MyRideTests.a */,
			);
			name = Frameworks;
			sourceTree = "<group>";
		};
		832341AE1AAA6A7D00B99B32 /* Libraries */ = {
			isa = PBXGroup;
			children = (
			);
			name = Libraries;
			sourceTree = "<group>";
		};
		83CBB9F61A601CBA00E9B192 = {
			isa = PBXGroup;
			children = (
				13B07FAE1A68108700A75B9A /* MyRide */,
				832341AE1AAA6A7D00B99B32 /* Libraries */,
				00E356EF1AD99517003FC87E /* MyRideTests */,
				83CBBA001A601CBA00E9B192 /* Products */,
				2D16E6871FA4F8E400B85C8A /* Frameworks */,
				BBD78D7AC51CEA395F1C20DB /* Pods */,
				0F50523BE2A147468EE29EC8 /* Resources */,
			);
			indentWidth = 2;
			sourceTree = "<group>";
			tabWidth = 2;
			usesTabs = 0;
			wrapsLines = 0;
		};
		83CBBA001A601CBA00E9B192 /* Products */ = {
			isa = PBXGroup;
			children = (
				13B07F961A680F5B00A75B9A /* MyRide.app */,
				00E356EE1AD99517003FC87E /* MyRideTests.xctest */,
			);
			name = Products;
			sourceTree = "<group>";
		};
		BBD78D7AC51CEA395F1C20DB /* Pods */ = {
			isa = PBXGroup;
			children = (
				111CFFEC6E39C04ECF756F1A /* Pods-MyRide.debug.xcconfig */,
				4FB694AA2D07C212AD1C7E26 /* Pods-MyRide.release.xcconfig */,
				949881AB5AD36013F7863E85 /* Pods-MyRide-MyRideTests.debug.xcconfig */,
				F343A3C08D98E61AC5A96A8B /* Pods-MyRide-MyRideTests.release.xcconfig */,
			);
			path = Pods;
			sourceTree = "<group>";
		};
/* End PBXGroup section */

/* Begin PBXNativeTarget section */
		00E356ED1AD99517003FC87E /* MyRideTests */ = {
			isa = PBXNativeTarget;
			buildConfigurationList = 00E357021AD99517003FC87E /* Build configuration list for PBXNativeTarget "MyRideTests" */;
			buildPhases = (
				FEAF6623BC5746B699F68D4F /* [CP] Check Pods Manifest.lock */,
				00E356EA1AD99517003FC87E /* Sources */,
				00E356EB1AD99517003FC87E /* Frameworks */,
				00E356EC1AD99517003FC87E /* Resources */,
				EB2F717BB552E2A25361D2BE /* [CP] Embed Pods Frameworks */,
				83147F607F90CC459FA30206 /* [CP] Copy Pods Resources */,
			);
			buildRules = (
			);
			dependencies = (
				00E356F51AD99517003FC87E /* PBXTargetDependency */,
			);
			name = MyRideTests;
			productName = MyRideTests;
			productReference = 00E356EE1AD99517003FC87E /* MyRideTests.xctest */;
			productType = "com.apple.product-type.bundle.unit-test";
		};
		13B07F861A680F5B00A75B9A /* MyRide */ = {
			isa = PBXNativeTarget;
			buildConfigurationList = 13B07F931A680F5B00A75B9A /* Build configuration list for PBXNativeTarget "MyRide" */;
			buildPhases = (
				6F10D469EEA638D36A6DB7F4 /* [CP] Check Pods Manifest.lock */,
				FD10A7F022414F080027D42C /* Start Packager */,
				13B07F871A680F5B00A75B9A /* Sources */,
				13B07F8C1A680F5B00A75B9A /* Frameworks */,
				13B07F8E1A680F5B00A75B9A /* Resources */,
				00DD1BFF1BD5951E006B06BC /* Bundle React Native code and images */,
				178A94750FA470E1E7D26361 /* [CP] Embed Pods Frameworks */,
				D7CDA0FCCEF25328B838F9D5 /* [CP] Copy Pods Resources */,
			);
			buildRules = (
			);
			dependencies = (
			);
			name = MyRide;
			productName = MyRide;
			productReference = 13B07F961A680F5B00A75B9A /* MyRide.app */;
			productType = "com.apple.product-type.application";
		};
/* End PBXNativeTarget section */

/* Begin PBXProject section */
		83CBB9F71A601CBA00E9B192 /* Project object */ = {
			isa = PBXProject;
			attributes = {
				LastUpgradeCheck = 1210;
				TargetAttributes = {
					00E356ED1AD99517003FC87E = {
						CreatedOnToolsVersion = 6.2;
						TestTargetID = 13B07F861A680F5B00A75B9A;
					};
					13B07F861A680F5B00A75B9A = {
						LastSwiftMigration = 1120;
					};
				};
			};
			buildConfigurationList = 83CBB9FA1A601CBA00E9B192 /* Build configuration list for PBXProject "MyRide" */;
			compatibilityVersion = "Xcode 12.0";
			developmentRegion = en;
			hasScannedForEncodings = 0;
			knownRegions = (
				en,
				Base,
			);
			mainGroup = 83CBB9F61A601CBA00E9B192;
			productRefGroup = 83CBBA001A601CBA00E9B192 /* Products */;
			projectDirPath = "";
			projectRoot = "";
			targets = (
				13B07F861A680F5B00A75B9A /* MyRide */,
				00E356ED1AD99517003FC87E /* MyRideTests */,
			);
		};
/* End PBXProject section */

/* Begin PBXResourcesBuildPhase section */
		00E356EC1AD99517003FC87E /* Resources */ = {
			isa = PBXResourcesBuildPhase;
			buildActionMask = 2147483647;
			files = (
			);
			runOnlyForDeploymentPostprocessing = 0;
		};
		13B07F8E1A680F5B00A75B9A /* Resources */ = {
			isa = PBXResourcesBuildPhase;
			buildActionMask = 2147483647;
			files = (
				57148F512A5BEC02005CC921 /* Inter-Black.ttf in Resources */,
				57148F522A5BEC02005CC921 /* Inter-Bold.ttf in Resources */,
				57148F532A5BEC02005CC921 /* Inter-ExtraBold.ttf in Resources */,
				57148F542A5BEC02005CC921 /* Inter-ExtraLight.ttf in Resources */,
				57148F552A5BEC02005CC921 /* Inter-Light.ttf in Resources */,
				57148F562A5BEC02005CC921 /* Inter-Medium.ttf in Resources */,
				57148F572A5BEC02005CC921 /* Inter-Regular.ttf in Resources */,
				57148F582A5BEC02005CC921 /* Inter-SemiBold.ttf in Resources */,
				57148F592A5BEC02005CC921 /* Inter-Thin.ttf in Resources */,
				57148F5A2A5BEC02005CC921 /* KumbhSans-Black.ttf in Resources */,
				57148F5B2A5BEC02005CC921 /* KumbhSans-Bold.ttf in Resources */,
				57148F5C2A5BEC02005CC921 /* KumbhSans-ExtraBold.ttf in Resources */,
				57148F5D2A5BEC02005CC921 /* KumbhSans-ExtraLight.ttf in Resources */,
				57148F5E2A5BEC02005CC921 /* KumbhSans-Light.ttf in Resources */,
				57148F5F2A5BEC02005CC921 /* KumbhSans-Medium.ttf in Resources */,
				57148F602A5BEC02005CC921 /* KumbhSans-Regular.ttf in Resources */,
				57E0FE652A5D8B2200950CF4 /* Media.xcassets in Resources */,
				57148F612A5BEC02005CC921 /* KumbhSans-SemiBold.ttf in Resources */,
				57148F622A5BEC02005CC921 /* KumbhSans-Thin.ttf in Resources */,
				81AB9BB82411601600AC10FF /* LaunchScreen.storyboard in Resources */,
				13B07FBF1A68108700A75B9A /* Images.xcassets in Resources */,
			);
			runOnlyForDeploymentPostprocessing = 0;
		};
/* End PBXResourcesBuildPhase section */

/* Begin PBXShellScriptBuildPhase section */
		00DD1BFF1BD5951E006B06BC /* Bundle React Native code and images */ = {
			isa = PBXShellScriptBuildPhase;
			buildActionMask = 2147483647;
			files = (
			);
			inputPaths = (
				"$(SRCROOT)/.xcode.env.local",
				"$(SRCROOT)/.xcode.env",
			);
			name = "Bundle React Native code and images";
			outputPaths = (
			);
			runOnlyForDeploymentPostprocessing = 0;
			shellPath = /bin/sh;
			shellScript = "set -e\n\nWITH_ENVIRONMENT=\"../node_modules/react-native/scripts/xcode/with-environment.sh\"\nREACT_NATIVE_XCODE=\"../node_modules/react-native/scripts/react-native-xcode.sh\"\n\n/bin/sh -c \"$WITH_ENVIRONMENT $REACT_NATIVE_XCODE\"\n";
		};
		178A94750FA470E1E7D26361 /* [CP] Embed Pods Frameworks */ = {
			isa = PBXShellScriptBuildPhase;
			buildActionMask = 2147483647;
			files = (
			);
			inputFileListPaths = (
				"${PODS_ROOT}/Target Support Files/Pods-MyRide/Pods-MyRide-frameworks-${CONFIGURATION}-input-files.xcfilelist",
			);
			name = "[CP] Embed Pods Frameworks";
			outputFileListPaths = (
				"${PODS_ROOT}/Target Support Files/Pods-MyRide/Pods-MyRide-frameworks-${CONFIGURATION}-output-files.xcfilelist",
			);
			runOnlyForDeploymentPostprocessing = 0;
			shellPath = /bin/sh;
			shellScript = "\"${PODS_ROOT}/Target Support Files/Pods-MyRide/Pods-MyRide-frameworks.sh\"\n";
			showEnvVarsInLog = 0;
		};
		6F10D469EEA638D36A6DB7F4 /* [CP] Check Pods Manifest.lock */ = {
			isa = PBXShellScriptBuildPhase;
			buildActionMask = 2147483647;
			files = (
			);
			inputFileListPaths = (
			);
			inputPaths = (
				"${PODS_PODFILE_DIR_PATH}/Podfile.lock",
				"${PODS_ROOT}/Manifest.lock",
			);
			name = "[CP] Check Pods Manifest.lock";
			outputFileListPaths = (
			);
			outputPaths = (
				"$(DERIVED_FILE_DIR)/Pods-MyRide-checkManifestLockResult.txt",
			);
			runOnlyForDeploymentPostprocessing = 0;
			shellPath = /bin/sh;
			shellScript = "diff \"${PODS_PODFILE_DIR_PATH}/Podfile.lock\" \"${PODS_ROOT}/Manifest.lock\" > /dev/null\nif [ $? != 0 ] ; then\n    # print error to STDERR\n    echo \"error: The sandbox is not in sync with the Podfile.lock. Run 'pod install' or update your CocoaPods installation.\" >&2\n    exit 1\nfi\n# This output is used by Xcode 'outputs' to avoid re-running this script phase.\necho \"SUCCESS\" > \"${SCRIPT_OUTPUT_FILE_0}\"\n";
			showEnvVarsInLog = 0;
		};
		83147F607F90CC459FA30206 /* [CP] Copy Pods Resources */ = {
			isa = PBXShellScriptBuildPhase;
			buildActionMask = 2147483647;
			files = (
			);
			inputFileListPaths = (
				"${PODS_ROOT}/Target Support Files/Pods-MyRide-MyRideTests/Pods-MyRide-MyRideTests-resources-${CONFIGURATION}-input-files.xcfilelist",
			);
			name = "[CP] Copy Pods Resources";
			outputFileListPaths = (
				"${PODS_ROOT}/Target Support Files/Pods-MyRide-MyRideTests/Pods-MyRide-MyRideTests-resources-${CONFIGURATION}-output-files.xcfilelist",
			);
			runOnlyForDeploymentPostprocessing = 0;
			shellPath = /bin/sh;
			shellScript = "\"${PODS_ROOT}/Target Support Files/Pods-MyRide-MyRideTests/Pods-MyRide-MyRideTests-resources.sh\"\n";
			showEnvVarsInLog = 0;
		};
		D7CDA0FCCEF25328B838F9D5 /* [CP] Copy Pods Resources */ = {
			isa = PBXShellScriptBuildPhase;
			buildActionMask = 2147483647;
			files = (
			);
			inputFileListPaths = (
				"${PODS_ROOT}/Target Support Files/Pods-MyRide/Pods-MyRide-resources-${CONFIGURATION}-input-files.xcfilelist",
			);
			name = "[CP] Copy Pods Resources";
			outputFileListPaths = (
				"${PODS_ROOT}/Target Support Files/Pods-MyRide/Pods-MyRide-resources-${CONFIGURATION}-output-files.xcfilelist",
			);
			runOnlyForDeploymentPostprocessing = 0;
			shellPath = /bin/sh;
			shellScript = "\"${PODS_ROOT}/Target Support Files/Pods-MyRide/Pods-MyRide-resources.sh\"\n";
			showEnvVarsInLog = 0;
		};
		EB2F717BB552E2A25361D2BE /* [CP] Embed Pods Frameworks */ = {
			isa = PBXShellScriptBuildPhase;
			buildActionMask = 2147483647;
			files = (
			);
			inputFileListPaths = (
				"${PODS_ROOT}/Target Support Files/Pods-MyRide-MyRideTests/Pods-MyRide-MyRideTests-frameworks-${CONFIGURATION}-input-files.xcfilelist",
			);
			name = "[CP] Embed Pods Frameworks";
			outputFileListPaths = (
				"${PODS_ROOT}/Target Support Files/Pods-MyRide-MyRideTests/Pods-MyRide-MyRideTests-frameworks-${CONFIGURATION}-output-files.xcfilelist",
			);
			runOnlyForDeploymentPostprocessing = 0;
			shellPath = /bin/sh;
			shellScript = "\"${PODS_ROOT}/Target Support Files/Pods-MyRide-MyRideTests/Pods-MyRide-MyRideTests-frameworks.sh\"\n";
			showEnvVarsInLog = 0;
		};
		FD10A7F022414F080027D42C /* Start Packager */ = {
			isa = PBXShellScriptBuildPhase;
			buildActionMask = 2147483647;
			files = (
			);
			inputFileListPaths = (
			);
			inputPaths = (
			);
			name = "Start Packager";
			outputFileListPaths = (
			);
			outputPaths = (
			);
			runOnlyForDeploymentPostprocessing = 0;
			shellPath = /bin/sh;
			shellScript = "export RCT_METRO_PORT=\"${RCT_METRO_PORT:=8081}\"\necho \"export RCT_METRO_PORT=${RCT_METRO_PORT}\" > \"${SRCROOT}/../node_modules/react-native/scripts/.packager.env\"\nif [ -z \"${RCT_NO_LAUNCH_PACKAGER+xxx}\" ] ; then\n  if nc -w 5 -z localhost ${RCT_METRO_PORT} ; then\n    if ! curl -s \"http://localhost:${RCT_METRO_PORT}/status\" | grep -q \"packager-status:running\" ; then\n      echo \"Port ${RCT_METRO_PORT} already in use, packager is either not running or not running correctly\"\n      exit 2\n    fi\n  else\n    open \"$SRCROOT/../node_modules/react-native/scripts/launchPackager.command\" || echo \"Can't start packager automatically\"\n  fi\nfi\n";
			showEnvVarsInLog = 0;
		};
		FEAF6623BC5746B699F68D4F /* [CP] Check Pods Manifest.lock */ = {
			isa = PBXShellScriptBuildPhase;
			buildActionMask = 2147483647;
			files = (
			);
			inputFileListPaths = (
			);
			inputPaths = (
				"${PODS_PODFILE_DIR_PATH}/Podfile.lock",
				"${PODS_ROOT}/Manifest.lock",
			);
			name = "[CP] Check Pods Manifest.lock";
			outputFileListPaths = (
			);
			outputPaths = (
				"$(DERIVED_FILE_DIR)/Pods-MyRide-MyRideTests-checkManifestLockResult.txt",
			);
			runOnlyForDeploymentPostprocessing = 0;
			shellPath = /bin/sh;
			shellScript = "diff \"${PODS_PODFILE_DIR_PATH}/Podfile.lock\" \"${PODS_ROOT}/Manifest.lock\" > /dev/null\nif [ $? != 0 ] ; then\n    # print error to STDERR\n    echo \"error: The sandbox is not in sync with the Podfile.lock. Run 'pod install' or update your CocoaPods installation.\" >&2\n    exit 1\nfi\n# This output is used by Xcode 'outputs' to avoid re-running this script phase.\necho \"SUCCESS\" > \"${SCRIPT_OUTPUT_FILE_0}\"\n";
			showEnvVarsInLog = 0;
		};
/* End PBXShellScriptBuildPhase section */

/* Begin PBXSourcesBuildPhase section */
		00E356EA1AD99517003FC87E /* Sources */ = {
			isa = PBXSourcesBuildPhase;
			buildActionMask = 2147483647;
			files = (
				00E356F31AD99517003FC87E /* MyRideTests.m in Sources */,
			);
			runOnlyForDeploymentPostprocessing = 0;
		};
		13B07F871A680F5B00A75B9A /* Sources */ = {
			isa = PBXSourcesBuildPhase;
			buildActionMask = 2147483647;
			files = (
				13B07FBC1A68108700A75B9A /* AppDelegate.mm in Sources */,
				13B07FC11A68108700A75B9A /* main.m in Sources */,
			);
			runOnlyForDeploymentPostprocessing = 0;
		};
/* End PBXSourcesBuildPhase section */

/* Begin PBXTargetDependency section */
		00E356F51AD99517003FC87E /* PBXTargetDependency */ = {
			isa = PBXTargetDependency;
			target = 13B07F861A680F5B00A75B9A /* MyRide */;
			targetProxy = 00E356F41AD99517003FC87E /* PBXContainerItemProxy */;
		};
/* End PBXTargetDependency section */

/* Begin XCBuildConfiguration section */
		00E356F61AD99517003FC87E /* Debug */ = {
			isa = XCBuildConfiguration;
			baseConfigurationReference = 949881AB5AD36013F7863E85 /* Pods-MyRide-MyRideTests.debug.xcconfig */;
			buildSettings = {
				BUNDLE_LOADER = "$(TEST_HOST)";
				GCC_PREPROCESSOR_DEFINITIONS = (
					"DEBUG=1",
					"$(inherited)",
				);
				INFOPLIST_FILE = MyRideTests/Info.plist;
				IPHONEOS_DEPLOYMENT_TARGET = 12.4;
				LD_RUNPATH_SEARCH_PATHS = (
					"$(inherited)",
					"@executable_path/Frameworks",
					"@loader_path/Frameworks",
				);
				OTHER_LDFLAGS = (
					"-ObjC",
					"-lc++",
					"$(inherited)",
				);
				PRODUCT_BUNDLE_IDENTIFIER = "org.reactjs.native.example.$(PRODUCT_NAME:rfc1034identifier)";
				PRODUCT_NAME = "$(TARGET_NAME)";
				TEST_HOST = "$(BUILT_PRODUCTS_DIR)/MyRide.app/MyRide";
			};
			name = Debug;
		};
		00E356F71AD99517003FC87E /* Release */ = {
			isa = XCBuildConfiguration;
			baseConfigurationReference = F343A3C08D98E61AC5A96A8B /* Pods-MyRide-MyRideTests.release.xcconfig */;
			buildSettings = {
				BUNDLE_LOADER = "$(TEST_HOST)";
				COPY_PHASE_STRIP = NO;
				INFOPLIST_FILE = MyRideTests/Info.plist;
				IPHONEOS_DEPLOYMENT_TARGET = 12.4;
				LD_RUNPATH_SEARCH_PATHS = (
					"$(inherited)",
					"@executable_path/Frameworks",
					"@loader_path/Frameworks",
				);
				OTHER_LDFLAGS = (
					"-ObjC",
					"-lc++",
					"$(inherited)",
				);
				PRODUCT_BUNDLE_IDENTIFIER = "org.reactjs.native.example.$(PRODUCT_NAME:rfc1034identifier)";
				PRODUCT_NAME = "$(TARGET_NAME)";
				TEST_HOST = "$(BUILT_PRODUCTS_DIR)/MyRide.app/MyRide";
			};
			name = Release;
		};
		13B07F941A680F5B00A75B9A /* Debug */ = {
			isa = XCBuildConfiguration;
			baseConfigurationReference = 111CFFEC6E39C04ECF756F1A /* Pods-MyRide.debug.xcconfig */;
			buildSettings = {
				ASSETCATALOG_COMPILER_APPICON_NAME = AppIcon;
				ASSETCATALOG_COMPILER_INCLUDE_ALL_APPICON_ASSETS = YES;
				CLANG_ENABLE_MODULES = YES;
				CURRENT_PROJECT_VERSION = 1;
				DEVELOPMENT_TEAM = 4BAA94W5H2;
				ENABLE_BITCODE = NO;
				INFOPLIST_FILE = MyRide/Info.plist;
				LD_RUNPATH_SEARCH_PATHS = (
					"$(inherited)",
					"@executable_path/Frameworks",
				);
				MARKETING_VERSION = 1.0;
				OTHER_LDFLAGS = (
					"$(inherited)",
					"-ObjC",
					"-lc++",
				);
				PRODUCT_BUNDLE_IDENTIFIER = "org.reactjs.native.example.$(PRODUCT_NAME:rfc1034identifier)";
				PRODUCT_NAME = MyRide;
				SWIFT_OPTIMIZATION_LEVEL = "-Onone";
				SWIFT_VERSION = 5.0;
				VERSIONING_SYSTEM = "apple-generic";
			};
			name = Debug;
		};
		13B07F951A680F5B00A75B9A /* Release */ = {
			isa = XCBuildConfiguration;
			baseConfigurationReference = 4FB694AA2D07C212AD1C7E26 /* Pods-MyRide.release.xcconfig */;
			buildSettings = {
				ASSETCATALOG_COMPILER_APPICON_NAME = AppIcon;
				ASSETCATALOG_COMPILER_INCLUDE_ALL_APPICON_ASSETS = YES;
				CLANG_ENABLE_MODULES = YES;
				CURRENT_PROJECT_VERSION = 1;
				DEVELOPMENT_TEAM = 4BAA94W5H2;
				INFOPLIST_FILE = MyRide/Info.plist;
				LD_RUNPATH_SEARCH_PATHS = (
					"$(inherited)",
					"@executable_path/Frameworks",
				);
				MARKETING_VERSION = 1.0;
				OTHER_LDFLAGS = (
					"$(inherited)",
					"-ObjC",
					"-lc++",
				);
				PRODUCT_BUNDLE_IDENTIFIER = "org.reactjs.native.example.$(PRODUCT_NAME:rfc1034identifier)";
				PRODUCT_NAME = MyRide;
				SWIFT_VERSION = 5.0;
				VERSIONING_SYSTEM = "apple-generic";
			};
			name = Release;
		};
		83CBBA201A601CBA00E9B192 /* Debug */ = {
			isa = XCBuildConfiguration;
			buildSettings = {
				ALWAYS_SEARCH_USER_PATHS = NO;
				CLANG_ANALYZER_LOCALIZABILITY_NONLOCALIZED = YES;
				CLANG_CXX_LANGUAGE_STANDARD = "c++17";
				CLANG_CXX_LIBRARY = "libc++";
				CLANG_ENABLE_MODULES = YES;
				CLANG_ENABLE_OBJC_ARC = YES;
				CLANG_WARN_BLOCK_CAPTURE_AUTORELEASING = YES;
				CLANG_WARN_BOOL_CONVERSION = YES;
				CLANG_WARN_COMMA = YES;
				CLANG_WARN_CONSTANT_CONVERSION = YES;
				CLANG_WARN_DEPRECATED_OBJC_IMPLEMENTATIONS = YES;
				CLANG_WARN_DIRECT_OBJC_ISA_USAGE = YES_ERROR;
				CLANG_WARN_EMPTY_BODY = YES;
				CLANG_WARN_ENUM_CONVERSION = YES;
				CLANG_WARN_INFINITE_RECURSION = YES;
				CLANG_WARN_INT_CONVERSION = YES;
				CLANG_WARN_NON_LITERAL_NULL_CONVERSION = YES;
				CLANG_WARN_OBJC_IMPLICIT_RETAIN_SELF = YES;
				CLANG_WARN_OBJC_LITERAL_CONVERSION = YES;
				CLANG_WARN_OBJC_ROOT_CLASS = YES_ERROR;
				CLANG_WARN_QUOTED_INCLUDE_IN_FRAMEWORK_HEADER = YES;
				CLANG_WARN_RANGE_LOOP_ANALYSIS = YES;
				CLANG_WARN_STRICT_PROTOTYPES = YES;
				CLANG_WARN_SUSPICIOUS_MOVE = YES;
				CLANG_WARN_UNREACHABLE_CODE = YES;
				CLANG_WARN__DUPLICATE_METHOD_MATCH = YES;
				"CODE_SIGN_IDENTITY[sdk=iphoneos*]" = "iPhone Developer";
				COPY_PHASE_STRIP = NO;
				ENABLE_STRICT_OBJC_MSGSEND = YES;
				ENABLE_TESTABILITY = YES;
				"EXCLUDED_ARCHS[sdk=iphonesimulator*]" = i386;
				GCC_C_LANGUAGE_STANDARD = gnu99;
				GCC_DYNAMIC_NO_PIC = NO;
				GCC_NO_COMMON_BLOCKS = YES;
				GCC_OPTIMIZATION_LEVEL = 0;
				GCC_PREPROCESSOR_DEFINITIONS = (
					"DEBUG=1",
					"$(inherited)",
				);
				GCC_SYMBOLS_PRIVATE_EXTERN = NO;
				GCC_WARN_64_TO_32_BIT_CONVERSION = YES;
				GCC_WARN_ABOUT_RETURN_TYPE = YES_ERROR;
				GCC_WARN_UNDECLARED_SELECTOR = YES;
				GCC_WARN_UNINITIALIZED_AUTOS = YES_AGGRESSIVE;
				GCC_WARN_UNUSED_FUNCTION = YES;
				GCC_WARN_UNUSED_VARIABLE = YES;
				IPHONEOS_DEPLOYMENT_TARGET = 12.4;
				LD_RUNPATH_SEARCH_PATHS = (
					/usr/lib/swift,
					"$(inherited)",
				);
				LIBRARY_SEARCH_PATHS = (
					"\"$(SDKROOT)/usr/lib/swift\"",
					"\"$(TOOLCHAIN_DIR)/usr/lib/swift/$(PLATFORM_NAME)\"",
					"\"$(inherited)\"",
				);
				MTL_ENABLE_DEBUG_INFO = YES;
				ONLY_ACTIVE_ARCH = YES;
				OTHER_CPLUSPLUSFLAGS = (
					"$(OTHER_CFLAGS)",
					"-DFOLLY_NO_CONFIG",
					"-DFOLLY_MOBILE=1",
					"-DFOLLY_USE_LIBCPP=1",
				);
				REACT_NATIVE_PATH = "${PODS_ROOT}/../../node_modules/react-native";
				SDKROOT = iphoneos;
			};
			name = Debug;
		};
		83CBBA211A601CBA00E9B192 /* Release */ = {
			isa = XCBuildConfiguration;
			buildSettings = {
				ALWAYS_SEARCH_USER_PATHS = NO;
				CLANG_ANALYZER_LOCALIZABILITY_NONLOCALIZED = YES;
				CLANG_CXX_LANGUAGE_STANDARD = "c++17";
				CLANG_CXX_LIBRARY = "libc++";
				CLANG_ENABLE_MODULES = YES;
				CLANG_ENABLE_OBJC_ARC = YES;
				CLANG_WARN_BLOCK_CAPTURE_AUTORELEASING = YES;
				CLANG_WARN_BOOL_CONVERSION = YES;
				CLANG_WARN_COMMA = YES;
				CLANG_WARN_CONSTANT_CONVERSION = YES;
				CLANG_WARN_DEPRECATED_OBJC_IMPLEMENTATIONS = YES;
				CLANG_WARN_DIRECT_OBJC_ISA_USAGE = YES_ERROR;
				CLANG_WARN_EMPTY_BODY = YES;
				CLANG_WARN_ENUM_CONVERSION = YES;
				CLANG_WARN_INFINITE_RECURSION = YES;
				CLANG_WARN_INT_CONVERSION = YES;
				CLANG_WARN_NON_LITERAL_NULL_CONVERSION = YES;
				CLANG_WARN_OBJC_IMPLICIT_RETAIN_SELF = YES;
				CLANG_WARN_OBJC_LITERAL_CONVERSION = YES;
				CLANG_WARN_OBJC_ROOT_CLASS = YES_ERROR;
				CLANG_WARN_QUOTED_INCLUDE_IN_FRAMEWORK_HEADER = YES;
				CLANG_WARN_RANGE_LOOP_ANALYSIS = YES;
				CLANG_WARN_STRICT_PROTOTYPES = YES;
				CLANG_WARN_SUSPICIOUS_MOVE = YES;
				CLANG_WARN_UNREACHABLE_CODE = YES;
				CLANG_WARN__DUPLICATE_METHOD_MATCH = YES;
				"CODE_SIGN_IDENTITY[sdk=iphoneos*]" = "iPhone Developer";
				COPY_PHASE_STRIP = YES;
				ENABLE_NS_ASSERTIONS = NO;
				ENABLE_STRICT_OBJC_MSGSEND = YES;
				"EXCLUDED_ARCHS[sdk=iphonesimulator*]" = i386;
				GCC_C_LANGUAGE_STANDARD = gnu99;
				GCC_NO_COMMON_BLOCKS = YES;
				GCC_WARN_64_TO_32_BIT_CONVERSION = YES;
				GCC_WARN_ABOUT_RETURN_TYPE = YES_ERROR;
				GCC_WARN_UNDECLARED_SELECTOR = YES;
				GCC_WARN_UNINITIALIZED_AUTOS = YES_AGGRESSIVE;
				GCC_WARN_UNUSED_FUNCTION = YES;
				GCC_WARN_UNUSED_VARIABLE = YES;
				IPHONEOS_DEPLOYMENT_TARGET = 12.4;
				LD_RUNPATH_SEARCH_PATHS = (
					/usr/lib/swift,
					"$(inherited)",
				);
				LIBRARY_SEARCH_PATHS = (
					"\"$(SDKROOT)/usr/lib/swift\"",
					"\"$(TOOLCHAIN_DIR)/usr/lib/swift/$(PLATFORM_NAME)\"",
					"\"$(inherited)\"",
				);
				MTL_ENABLE_DEBUG_INFO = NO;
				OTHER_CPLUSPLUSFLAGS = (
					"$(OTHER_CFLAGS)",
					"-DFOLLY_NO_CONFIG",
					"-DFOLLY_MOBILE=1",
					"-DFOLLY_USE_LIBCPP=1",
				);
				REACT_NATIVE_PATH = "${PODS_ROOT}/../../node_modules/react-native";
				SDKROOT = iphoneos;
				VALIDATE_PRODUCT = YES;
			};
			name = Release;
		};
/* End XCBuildConfiguration section */

/* Begin XCConfigurationList section */
		00E357021AD99517003FC87E /* Build configuration list for PBXNativeTarget "MyRideTests" */ = {
			isa = XCConfigurationList;
			buildConfigurations = (
				00E356F61AD99517003FC87E /* Debug */,
				00E356F71AD99517003FC87E /* Release */,
			);
			defaultConfigurationIsVisible = 0;
			defaultConfigurationName = Release;
		};
		13B07F931A680F5B00A75B9A /* Build configuration list for PBXNativeTarget "MyRide" */ = {
			isa = XCConfigurationList;
			buildConfigurations = (
				13B07F941A680F5B00A75B9A /* Debug */,
				13B07F951A680F5B00A75B9A /* Release */,
			);
			defaultConfigurationIsVisible = 0;
			defaultConfigurationName = Release;
		};
		83CBB9FA1A601CBA00E9B192 /* Build configuration list for PBXProject "MyRide" */ = {
			isa = XCConfigurationList;
			buildConfigurations = (
				83CBBA201A601CBA00E9B192 /* Debug */,
				83CBBA211A601CBA00E9B192 /* Release */,
			);
			defaultConfigurationIsVisible = 0;
			defaultConfigurationName = Release;
		};
/* End XCConfigurationList section */
	};
	rootObject = 83CBB9F71A601CBA00E9B192 /* Project object */;
}
